
Microsoft Visual Studio Solution File, Format Version 12.00
# Visual Studio Version 16
VisualStudioVersion = 16.0.31112.23
MinimumVisualStudioVersion = 10.0.40219.1
Project("{8BC9CEB8-8B4A-11D0-8D11-00A0C91BC942}") = "2 л688", "2 л688\2 л688.vcxproj", "{7881D96F-24E7-4521-A91A-052EB75E0DF7}"
EndProject
Global
	GlobalSection(SolutionConfigurationPlatforms) = preSolution
		Debug|x64 = Debug|x64
		Debug|x86 = Debug|x86
		Release|x64 = Release|x64
		Release|x86 = Release|x86
	EndGlobalSection
	GlobalSection(ProjectConfigurationPlatforms) = postSolution
		{7881D96F-24E7-4521-A91A-052EB75E0DF7}.Debug|x64.ActiveCfg = Debug|x64
		{7881D96F-24E7-4521-A91A-052EB75E0DF7}.Debug|x64.Build.0 = Debug|x64
		{7881D96F-24E7-4521-A91A-052EB75E0DF7}.Debug|x86.ActiveCfg = Debug|Win32
		{7881D96F-24E7-4521-A91A-052EB75E0DF7}.Debug|x86.Build.0 = Debug|Win32
		{7881D96F-24E7-4521-A91A-052EB75E0DF7}.Release|x64.ActiveCfg = Release|x64
		{7881D96F-24E7-4521-A91A-052EB75E0DF7}.Release|x64.Build.0 = Release|x64
		{7881D96F-24E7-4521-A91A-052EB75E0DF7}.Release|x86.ActiveCfg = Release|Win32
		{7881D96F-24E7-4521-A91A-052EB75E0DF7}.Release|x86.Build.0 = Release|Win32
	EndGlobalSection
	GlobalSection(SolutionProperties) = preSolution
		HideSolutionNode = FALSE
	EndGlobalSection
	GlobalSection(ExtensibilityGlobals) = postSolution
		SolutionGuid = {32D8E915-2D04-4962-BE93-BE3B4138723F}
	EndGlobalSection
EndGlobal
